// !$*UTF8*$!
{
	archiveVersion = 1;
	classes = {
	};
	objectVersion = 50;
	objects = {

/* Begin PBXBuildFile section */
		DE1C6E4021959F7900BAA03C /* AppDelegate.swift in Sources */ = {isa = PBXBuildFile; fileRef = DE1C6E3F21959F7900BAA03C /* AppDelegate.swift */; };
		DE1C6E4221959F7900BAA03C /* ContentsViewController.swift in Sources */ = {isa = PBXBuildFile; fileRef = DE1C6E4121959F7900BAA03C /* ContentsViewController.swift */; };
		DE1C6E4521959F7900BAA03C /* Contents.storyboard in Resources */ = {isa = PBXBuildFile; fileRef = DE1C6E4321959F7900BAA03C /* Contents.storyboard */; };
		DE1C6E4721959F8000BAA03C /* Assets.xcassets in Resources */ = {isa = PBXBuildFile; fileRef = DE1C6E4621959F8000BAA03C /* Assets.xcassets */; };
		DE1C6E4A21959F8000BAA03C /* LaunchScreen.storyboard in Resources */ = {isa = PBXBuildFile; fileRef = DE1C6E4821959F8000BAA03C /* LaunchScreen.storyboard */; };
		DE1C6E5521959F8100BAA03C /* ScrollAnimationShowcaseTests.swift in Sources */ = {isa = PBXBuildFile; fileRef = DE1C6E5421959F8100BAA03C /* ScrollAnimationShowcaseTests.swift */; };
		DE1C6E6021959F8100BAA03C /* ScrollAnimationShowcaseUITests.swift in Sources */ = {isa = PBXBuildFile; fileRef = DE1C6E5F21959F8100BAA03C /* ScrollAnimationShowcaseUITests.swift */; };
		DE1C6E782195AD4600BAA03C /* UIViewControllerExtension.swift in Sources */ = {isa = PBXBuildFile; fileRef = DE1C6E772195AD4600BAA03C /* UIViewControllerExtension.swift */; };
		DE1C6E7A2196571200BAA03C /* UIColorExtension.swift in Sources */ = {isa = PBXBuildFile; fileRef = DE1C6E792196571200BAA03C /* UIColorExtension.swift */; };
		DE1C6E7C2196573C00BAA03C /* NSObjectProtocolExtension.swift in Sources */ = {isa = PBXBuildFile; fileRef = DE1C6E7B2196573C00BAA03C /* NSObjectProtocolExtension.swift */; };
		DE1C6E7E219657A300BAA03C /* UICollectionViewExtension.swift in Sources */ = {isa = PBXBuildFile; fileRef = DE1C6E7D219657A300BAA03C /* UICollectionViewExtension.swift */; };
		DE1C6E8221965FFA00BAA03C /* CustomViewBase.swift in Sources */ = {isa = PBXBuildFile; fileRef = DE1C6E8121965FFA00BAA03C /* CustomViewBase.swift */; };
		DE1C6E88219667FA00BAA03C /* Article.storyboard in Resources */ = {isa = PBXBuildFile; fileRef = DE1C6E86219667FA00BAA03C /* Article.storyboard */; };
		DE1C6E8A2196681D00BAA03C /* ArticleViewController.swift in Sources */ = {isa = PBXBuildFile; fileRef = DE1C6E892196681D00BAA03C /* ArticleViewController.swift */; };
		DE1C6E8F2196721F00BAA03C /* CategoryScrollTabViewController.swift in Sources */ = {isa = PBXBuildFile; fileRef = DE1C6E8E2196721F00BAA03C /* CategoryScrollTabViewController.swift */; };
		DE1C6E9221967F3900BAA03C /* AppConstant.swift in Sources */ = {isa = PBXBuildFile; fileRef = DE1C6E9121967F3900BAA03C /* AppConstant.swift */; };
		DE1C6E9521967F9800BAA03C /* CategoryScrollTabViewCell.swift in Sources */ = {isa = PBXBuildFile; fileRef = DE1C6E9321967F9800BAA03C /* CategoryScrollTabViewCell.swift */; };
		DE1C6E9621967F9800BAA03C /* CategoryScrollTabViewCell.xib in Resources */ = {isa = PBXBuildFile; fileRef = DE1C6E9421967F9800BAA03C /* CategoryScrollTabViewCell.xib */; };
		DE1C6E992196C79300BAA03C /* CategoryScrollTabViewFlowLayout.swift in Sources */ = {isa = PBXBuildFile; fileRef = DE1C6E982196C79300BAA03C /* CategoryScrollTabViewFlowLayout.swift */; };
		DE1C6EA02199D4F800BAA03C /* CategoryScrollContentsViewController.swift in Sources */ = {isa = PBXBuildFile; fileRef = DE1C6E9F2199D4F800BAA03C /* CategoryScrollContentsViewController.swift */; };
		DE1C6EA22199DDE700BAA03C /* ArticleMock.swift in Sources */ = {isa = PBXBuildFile; fileRef = DE1C6EA12199DDE700BAA03C /* ArticleMock.swift */; };
		DE1C6EA6219EFE7D00BAA03C /* CategoryScrollContentsViewCell.swift in Sources */ = {isa = PBXBuildFile; fileRef = DE1C6EA4219EFE7C00BAA03C /* CategoryScrollContentsViewCell.swift */; };
		DE1C6EA7219EFE7D00BAA03C /* CategoryScrollContentsViewCell.xib in Resources */ = {isa = PBXBuildFile; fileRef = DE1C6EA5219EFE7C00BAA03C /* CategoryScrollContentsViewCell.xib */; };
		DE2553A621A9434400D9A3C7 /* ContentsDetailHeaderView.swift in Sources */ = {isa = PBXBuildFile; fileRef = DE2553A521A9434400D9A3C7 /* ContentsDetailHeaderView.swift */; };
		DE2553A821AA4A6200D9A3C7 /* ArticleEntity.swift in Sources */ = {isa = PBXBuildFile; fileRef = DE2553A721AA4A6200D9A3C7 /* ArticleEntity.swift */; };
		DE2553AA21AA66F300D9A3C7 /* IntExtension.swift in Sources */ = {isa = PBXBuildFile; fileRef = DE2553A921AA66F300D9A3C7 /* IntExtension.swift */; };
/* End PBXBuildFile section */

/* Begin PBXContainerItemProxy section */
		DE1C6E5121959F8100BAA03C /* PBXContainerItemProxy */ = {
			isa = PBXContainerItemProxy;
			containerPortal = DE1C6E3421959F7900BAA03C /* Project object */;
			proxyType = 1;
			remoteGlobalIDString = DE1C6E3B21959F7900BAA03C;
			remoteInfo = ScrollAnimationShowcase;
		};
		DE1C6E5C21959F8100BAA03C /* PBXContainerItemProxy */ = {
			isa = PBXContainerItemProxy;
			containerPortal = DE1C6E3421959F7900BAA03C /* Project object */;
			proxyType = 1;
			remoteGlobalIDString = DE1C6E3B21959F7900BAA03C;
			remoteInfo = ScrollAnimationShowcase;
		};
/* End PBXContainerItemProxy section */

/* Begin PBXFileReference section */
		DE1C6E3C21959F7900BAA03C /* ScrollAnimationShowcase.app */ = {isa = PBXFileReference; explicitFileType = wrapper.application; includeInIndex = 0; path = ScrollAnimationShowcase.app; sourceTree = BUILT_PRODUCTS_DIR; };
		DE1C6E3F21959F7900BAA03C /* AppDelegate.swift */ = {isa = PBXFileReference; lastKnownFileType = sourcecode.swift; path = AppDelegate.swift; sourceTree = "<group>"; };
		DE1C6E4121959F7900BAA03C /* ContentsViewController.swift */ = {isa = PBXFileReference; lastKnownFileType = sourcecode.swift; path = ContentsViewController.swift; sourceTree = "<group>"; };
		DE1C6E4421959F7900BAA03C /* Base */ = {isa = PBXFileReference; lastKnownFileType = file.storyboard; name = Base; path = Base.lproj/Contents.storyboard; sourceTree = "<group>"; };
		DE1C6E4621959F8000BAA03C /* Assets.xcassets */ = {isa = PBXFileReference; lastKnownFileType = folder.assetcatalog; path = Assets.xcassets; sourceTree = "<group>"; };
		DE1C6E4921959F8000BAA03C /* Base */ = {isa = PBXFileReference; lastKnownFileType = file.storyboard; name = Base; path = Base.lproj/LaunchScreen.storyboard; sourceTree = "<group>"; };
		DE1C6E4B21959F8000BAA03C /* Info.plist */ = {isa = PBXFileReference; lastKnownFileType = text.plist.xml; path = Info.plist; sourceTree = "<group>"; };
		DE1C6E5021959F8100BAA03C /* ScrollAnimationShowcaseTests.xctest */ = {isa = PBXFileReference; explicitFileType = wrapper.cfbundle; includeInIndex = 0; path = ScrollAnimationShowcaseTests.xctest; sourceTree = BUILT_PRODUCTS_DIR; };
		DE1C6E5421959F8100BAA03C /* ScrollAnimationShowcaseTests.swift */ = {isa = PBXFileReference; lastKnownFileType = sourcecode.swift; path = ScrollAnimationShowcaseTests.swift; sourceTree = "<group>"; };
		DE1C6E5621959F8100BAA03C /* Info.plist */ = {isa = PBXFileReference; lastKnownFileType = text.plist.xml; path = Info.plist; sourceTree = "<group>"; };
		DE1C6E5B21959F8100BAA03C /* ScrollAnimationShowcaseUITests.xctest */ = {isa = PBXFileReference; explicitFileType = wrapper.cfbundle; includeInIndex = 0; path = ScrollAnimationShowcaseUITests.xctest; sourceTree = BUILT_PRODUCTS_DIR; };
		DE1C6E5F21959F8100BAA03C /* ScrollAnimationShowcaseUITests.swift */ = {isa = PBXFileReference; lastKnownFileType = sourcecode.swift; path = ScrollAnimationShowcaseUITests.swift; sourceTree = "<group>"; };
		DE1C6E6121959F8100BAA03C /* Info.plist */ = {isa = PBXFileReference; lastKnownFileType = text.plist.xml; path = Info.plist; sourceTree = "<group>"; };
		DE1C6E772195AD4600BAA03C /* UIViewControllerExtension.swift */ = {isa = PBXFileReference; lastKnownFileType = sourcecode.swift; path = UIViewControllerExtension.swift; sourceTree = "<group>"; };
		DE1C6E792196571200BAA03C /* UIColorExtension.swift */ = {isa = PBXFileReference; lastKnownFileType = sourcecode.swift; path = UIColorExtension.swift; sourceTree = "<group>"; };
		DE1C6E7B2196573C00BAA03C /* NSObjectProtocolExtension.swift */ = {isa = PBXFileReference; lastKnownFileType = sourcecode.swift; path = NSObjectProtocolExtension.swift; sourceTree = "<group>"; };
		DE1C6E7D219657A300BAA03C /* UICollectionViewExtension.swift */ = {isa = PBXFileReference; lastKnownFileType = sourcecode.swift; path = UICollectionViewExtension.swift; sourceTree = "<group>"; };
		DE1C6E8121965FFA00BAA03C /* CustomViewBase.swift */ = {isa = PBXFileReference; lastKnownFileType = sourcecode.swift; path = CustomViewBase.swift; sourceTree = "<group>"; };
		DE1C6E87219667FA00BAA03C /* Base */ = {isa = PBXFileReference; lastKnownFileType = file.storyboard; name = Base; path = Base.lproj/Article.storyboard; sourceTree = "<group>"; };
		DE1C6E892196681D00BAA03C /* ArticleViewController.swift */ = {isa = PBXFileReference; lastKnownFileType = sourcecode.swift; path = ArticleViewController.swift; sourceTree = "<group>"; };
		DE1C6E8E2196721F00BAA03C /* CategoryScrollTabViewController.swift */ = {isa = PBXFileReference; lastKnownFileType = sourcecode.swift; path = CategoryScrollTabViewController.swift; sourceTree = "<group>"; };
		DE1C6E9121967F3900BAA03C /* AppConstant.swift */ = {isa = PBXFileReference; lastKnownFileType = sourcecode.swift; path = AppConstant.swift; sourceTree = "<group>"; };
		DE1C6E9321967F9800BAA03C /* CategoryScrollTabViewCell.swift */ = {isa = PBXFileReference; lastKnownFileType = sourcecode.swift; path = CategoryScrollTabViewCell.swift; sourceTree = "<group>"; };
		DE1C6E9421967F9800BAA03C /* CategoryScrollTabViewCell.xib */ = {isa = PBXFileReference; lastKnownFileType = file.xib; path = CategoryScrollTabViewCell.xib; sourceTree = "<group>"; };
		DE1C6E982196C79300BAA03C /* CategoryScrollTabViewFlowLayout.swift */ = {isa = PBXFileReference; lastKnownFileType = sourcecode.swift; path = CategoryScrollTabViewFlowLayout.swift; sourceTree = "<group>"; };
		DE1C6E9F2199D4F800BAA03C /* CategoryScrollContentsViewController.swift */ = {isa = PBXFileReference; lastKnownFileType = sourcecode.swift; path = CategoryScrollContentsViewController.swift; sourceTree = "<group>"; };
		DE1C6EA12199DDE700BAA03C /* ArticleMock.swift */ = {isa = PBXFileReference; lastKnownFileType = sourcecode.swift; path = ArticleMock.swift; sourceTree = "<group>"; };
		DE1C6EA4219EFE7C00BAA03C /* CategoryScrollContentsViewCell.swift */ = {isa = PBXFileReference; lastKnownFileType = sourcecode.swift; path = CategoryScrollContentsViewCell.swift; sourceTree = "<group>"; };
		DE1C6EA5219EFE7C00BAA03C /* CategoryScrollContentsViewCell.xib */ = {isa = PBXFileReference; lastKnownFileType = file.xib; path = CategoryScrollContentsViewCell.xib; sourceTree = "<group>"; };
		DE2553A521A9434400D9A3C7 /* ContentsDetailHeaderView.swift */ = {isa = PBXFileReference; lastKnownFileType = sourcecode.swift; path = ContentsDetailHeaderView.swift; sourceTree = "<group>"; };
		DE2553A721AA4A6200D9A3C7 /* ArticleEntity.swift */ = {isa = PBXFileReference; lastKnownFileType = sourcecode.swift; path = ArticleEntity.swift; sourceTree = "<group>"; };
		DE2553A921AA66F300D9A3C7 /* IntExtension.swift */ = {isa = PBXFileReference; lastKnownFileType = sourcecode.swift; path = IntExtension.swift; sourceTree = "<group>"; };
/* End PBXFileReference section */

/* Begin PBXFrameworksBuildPhase section */
		DE1C6E3921959F7900BAA03C /* Frameworks */ = {
			isa = PBXFrameworksBuildPhase;
			buildActionMask = 2147483647;
			files = (
			);
			runOnlyForDeploymentPostprocessing = 0;
		};
		DE1C6E4D21959F8100BAA03C /* Frameworks */ = {
			isa = PBXFrameworksBuildPhase;
			buildActionMask = 2147483647;
			files = (
			);
			runOnlyForDeploymentPostprocessing = 0;
		};
		DE1C6E5821959F8100BAA03C /* Frameworks */ = {
			isa = PBXFrameworksBuildPhase;
			buildActionMask = 2147483647;
			files = (
			);
			runOnlyForDeploymentPostprocessing = 0;
		};
/* End PBXFrameworksBuildPhase section */

/* Begin PBXGroup section */
		DE1C6E3321959F7900BAA03C = {
			isa = PBXGroup;
			children = (
				DE1C6E3E21959F7900BAA03C /* ScrollAnimationShowcase */,
				DE1C6E5321959F8100BAA03C /* ScrollAnimationShowcaseTests */,
				DE1C6E5E21959F8100BAA03C /* ScrollAnimationShowcaseUITests */,
				DE1C6E3D21959F7900BAA03C /* Products */,
			);
			sourceTree = "<group>";
		};
		DE1C6E3D21959F7900BAA03C /* Products */ = {
			isa = PBXGroup;
			children = (
				DE1C6E3C21959F7900BAA03C /* ScrollAnimationShowcase.app */,
				DE1C6E5021959F8100BAA03C /* ScrollAnimationShowcaseTests.xctest */,
				DE1C6E5B21959F8100BAA03C /* ScrollAnimationShowcaseUITests.xctest */,
			);
			name = Products;
			sourceTree = "<group>";
		};
		DE1C6E3E21959F7900BAA03C /* ScrollAnimationShowcase */ = {
			isa = PBXGroup;
			children = (
				DE1C6E4B21959F8000BAA03C /* Info.plist */,
				DE1C6E3F21959F7900BAA03C /* AppDelegate.swift */,
				DE1C6E4621959F8000BAA03C /* Assets.xcassets */,
				DE1C6E6E2195A46500BAA03C /* Entity */,
				DE1C6E6F2195A46D00BAA03C /* Enum */,
				DE1C6E722195A4D100BAA03C /* Extension */,
				DE1C6E712195A47B00BAA03C /* Factory */,
				DE1C6E732195A4E100BAA03C /* Modules */,
				DE1C6E742195A4E900BAA03C /* Protocol */,
				DE1C6E702195A47200BAA03C /* Storyboard */,
				DE1C6E9B21995EEC00BAA03C /* TestData */,
				DE1C6E752195A50200BAA03C /* View */,
				DE1C6E762195A50800BAA03C /* ViewController */,
			);
			path = ScrollAnimationShowcase;
			sourceTree = "<group>";
		};
		DE1C6E5321959F8100BAA03C /* ScrollAnimationShowcaseTests */ = {
			isa = PBXGroup;
			children = (
				DE1C6E5421959F8100BAA03C /* ScrollAnimationShowcaseTests.swift */,
				DE1C6E5621959F8100BAA03C /* Info.plist */,
			);
			path = ScrollAnimationShowcaseTests;
			sourceTree = "<group>";
		};
		DE1C6E5E21959F8100BAA03C /* ScrollAnimationShowcaseUITests */ = {
			isa = PBXGroup;
			children = (
				DE1C6E5F21959F8100BAA03C /* ScrollAnimationShowcaseUITests.swift */,
				DE1C6E6121959F8100BAA03C /* Info.plist */,
			);
			path = ScrollAnimationShowcaseUITests;
			sourceTree = "<group>";
		};
		DE1C6E6E2195A46500BAA03C /* Entity */ = {
			isa = PBXGroup;
			children = (
				DE2553A721AA4A6200D9A3C7 /* ArticleEntity.swift */,
			);
			path = Entity;
			sourceTree = "<group>";
		};
		DE1C6E6F2195A46D00BAA03C /* Enum */ = {
			isa = PBXGroup;
			children = (
			);
			path = Enum;
			sourceTree = "<group>";
		};
		DE1C6E702195A47200BAA03C /* Storyboard */ = {
			isa = PBXGroup;
			children = (
				DE1C6E86219667FA00BAA03C /* Article.storyboard */,
				DE1C6E4821959F8000BAA03C /* LaunchScreen.storyboard */,
				DE1C6E4321959F7900BAA03C /* Contents.storyboard */,
			);
			path = Storyboard;
			sourceTree = "<group>";
		};
		DE1C6E712195A47B00BAA03C /* Factory */ = {
			isa = PBXGroup;
			children = (
			);
			path = Factory;
			sourceTree = "<group>";
		};
		DE1C6E722195A4D100BAA03C /* Extension */ = {
			isa = PBXGroup;
			children = (
				DE2553A921AA66F300D9A3C7 /* IntExtension.swift */,
				DE1C6E7B2196573C00BAA03C /* NSObjectProtocolExtension.swift */,
				DE1C6E7D219657A300BAA03C /* UICollectionViewExtension.swift */,
				DE1C6E792196571200BAA03C /* UIColorExtension.swift */,
				DE1C6E772195AD4600BAA03C /* UIViewControllerExtension.swift */,
			);
			path = Extension;
			sourceTree = "<group>";
		};
		DE1C6E732195A4E100BAA03C /* Modules */ = {
			isa = PBXGroup;
			children = (
				DE1C6E9121967F3900BAA03C /* AppConstant.swift */,
			);
			path = Modules;
			sourceTree = "<group>";
		};
		DE1C6E742195A4E900BAA03C /* Protocol */ = {
			isa = PBXGroup;
			children = (
			);
			path = Protocol;
			sourceTree = "<group>";
		};
		DE1C6E752195A50200BAA03C /* View */ = {
			isa = PBXGroup;
			children = (
				DE1C6E8121965FFA00BAA03C /* CustomViewBase.swift */,
				DE2553A421A942F900D9A3C7 /* ContentsDetailHeaderView */,
				DE1C6EA3219EFA8900BAA03C /* CategoryScrollContentsViewCell */,
				DE1C6E902196759000BAA03C /* CategoryScrollTabViewCell */,
				DE1C6E9A2196C7C100BAA03C /* CategoryScrollTabViewFlowLayout */,
			);
			path = View;
			sourceTree = "<group>";
		};
		DE1C6E762195A50800BAA03C /* ViewController */ = {
			isa = PBXGroup;
			children = (
				DE1C6E8B219670B000BAA03C /* Article */,
				DE1C6E8C219670BD00BAA03C /* Contents */,
			);
			path = ViewController;
			sourceTree = "<group>";
		};
		DE1C6E8B219670B000BAA03C /* Article */ = {
			isa = PBXGroup;
			children = (
				DE1C6E9E2199D49000BAA03C /* ScrollContents */,
				DE1C6E8D219671F100BAA03C /* ScrollTab */,
				DE1C6E892196681D00BAA03C /* ArticleViewController.swift */,
			);
			path = Article;
			sourceTree = "<group>";
		};
		DE1C6E8C219670BD00BAA03C /* Contents */ = {
			isa = PBXGroup;
			children = (
				DE1C6E4121959F7900BAA03C /* ContentsViewController.swift */,
			);
			path = Contents;
			sourceTree = "<group>";
		};
		DE1C6E8D219671F100BAA03C /* ScrollTab */ = {
			isa = PBXGroup;
			children = (
				DE1C6E8E2196721F00BAA03C /* CategoryScrollTabViewController.swift */,
			);
			path = ScrollTab;
			sourceTree = "<group>";
		};
		DE1C6E902196759000BAA03C /* CategoryScrollTabViewCell */ = {
			isa = PBXGroup;
			children = (
				DE1C6E9321967F9800BAA03C /* CategoryScrollTabViewCell.swift */,
				DE1C6E9421967F9800BAA03C /* CategoryScrollTabViewCell.xib */,
			);
			path = CategoryScrollTabViewCell;
			sourceTree = "<group>";
		};
		DE1C6E9A2196C7C100BAA03C /* CategoryScrollTabViewFlowLayout */ = {
			isa = PBXGroup;
			children = (
				DE1C6E982196C79300BAA03C /* CategoryScrollTabViewFlowLayout.swift */,
			);
			path = CategoryScrollTabViewFlowLayout;
			sourceTree = "<group>";
		};
		DE1C6E9B21995EEC00BAA03C /* TestData */ = {
			isa = PBXGroup;
			children = (
				DE1C6E9C21995F0300BAA03C /* Mock */,
				DE1C6E9D21995F0A00BAA03C /* Stub */,
			);
			path = TestData;
			sourceTree = "<group>";
		};
		DE1C6E9C21995F0300BAA03C /* Mock */ = {
			isa = PBXGroup;
			children = (
				DE1C6EA12199DDE700BAA03C /* ArticleMock.swift */,
			);
			path = Mock;
			sourceTree = "<group>";
		};
		DE1C6E9D21995F0A00BAA03C /* Stub */ = {
			isa = PBXGroup;
			children = (
			);
			path = Stub;
			sourceTree = "<group>";
		};
		DE1C6E9E2199D49000BAA03C /* ScrollContents */ = {
			isa = PBXGroup;
			children = (
				DE1C6E9F2199D4F800BAA03C /* CategoryScrollContentsViewController.swift */,
			);
			path = ScrollContents;
			sourceTree = "<group>";
		};
		DE1C6EA3219EFA8900BAA03C /* CategoryScrollContentsViewCell */ = {
			isa = PBXGroup;
			children = (
				DE1C6EA4219EFE7C00BAA03C /* CategoryScrollContentsViewCell.swift */,
				DE1C6EA5219EFE7C00BAA03C /* CategoryScrollContentsViewCell.xib */,
			);
			path = CategoryScrollContentsViewCell;
			sourceTree = "<group>";
		};
		DE2553A421A942F900D9A3C7 /* ContentsDetailHeaderView */ = {
			isa = PBXGroup;
			children = (
				DE2553A521A9434400D9A3C7 /* ContentsDetailHeaderView.swift */,
			);
			path = ContentsDetailHeaderView;
			sourceTree = "<group>";
		};
/* End PBXGroup section */

/* Begin PBXNativeTarget section */
		DE1C6E3B21959F7900BAA03C /* ScrollAnimationShowcase */ = {
			isa = PBXNativeTarget;
			buildConfigurationList = DE1C6E6421959F8100BAA03C /* Build configuration list for PBXNativeTarget "ScrollAnimationShowcase" */;
			buildPhases = (
				DE1C6E3821959F7900BAA03C /* Sources */,
				DE1C6E3921959F7900BAA03C /* Frameworks */,
				DE1C6E3A21959F7900BAA03C /* Resources */,
			);
			buildRules = (
			);
			dependencies = (
			);
			name = ScrollAnimationShowcase;
			productName = ScrollAnimationShowcase;
			productReference = DE1C6E3C21959F7900BAA03C /* ScrollAnimationShowcase.app */;
			productType = "com.apple.product-type.application";
		};
		DE1C6E4F21959F8100BAA03C /* ScrollAnimationShowcaseTests */ = {
			isa = PBXNativeTarget;
			buildConfigurationList = DE1C6E6721959F8100BAA03C /* Build configuration list for PBXNativeTarget "ScrollAnimationShowcaseTests" */;
			buildPhases = (
				DE1C6E4C21959F8100BAA03C /* Sources */,
				DE1C6E4D21959F8100BAA03C /* Frameworks */,
				DE1C6E4E21959F8100BAA03C /* Resources */,
			);
			buildRules = (
			);
			dependencies = (
				DE1C6E5221959F8100BAA03C /* PBXTargetDependency */,
			);
			name = ScrollAnimationShowcaseTests;
			productName = ScrollAnimationShowcaseTests;
			productReference = DE1C6E5021959F8100BAA03C /* ScrollAnimationShowcaseTests.xctest */;
			productType = "com.apple.product-type.bundle.unit-test";
		};
		DE1C6E5A21959F8100BAA03C /* ScrollAnimationShowcaseUITests */ = {
			isa = PBXNativeTarget;
			buildConfigurationList = DE1C6E6A21959F8100BAA03C /* Build configuration list for PBXNativeTarget "ScrollAnimationShowcaseUITests" */;
			buildPhases = (
				DE1C6E5721959F8100BAA03C /* Sources */,
				DE1C6E5821959F8100BAA03C /* Frameworks */,
				DE1C6E5921959F8100BAA03C /* Resources */,
			);
			buildRules = (
			);
			dependencies = (
				DE1C6E5D21959F8100BAA03C /* PBXTargetDependency */,
			);
			name = ScrollAnimationShowcaseUITests;
			productName = ScrollAnimationShowcaseUITests;
			productReference = DE1C6E5B21959F8100BAA03C /* ScrollAnimationShowcaseUITests.xctest */;
			productType = "com.apple.product-type.bundle.ui-testing";
		};
/* End PBXNativeTarget section */

/* Begin PBXProject section */
		DE1C6E3421959F7900BAA03C /* Project object */ = {
			isa = PBXProject;
			attributes = {
				LastSwiftUpdateCheck = 1010;
				LastUpgradeCheck = 1230;
				ORGANIZATIONNAME = "酒井文也";
				TargetAttributes = {
					DE1C6E3B21959F7900BAA03C = {
						CreatedOnToolsVersion = 10.1;
						LastSwiftMigration = 1030;
					};
					DE1C6E4F21959F8100BAA03C = {
						CreatedOnToolsVersion = 10.1;
						LastSwiftMigration = 1030;
						TestTargetID = DE1C6E3B21959F7900BAA03C;
					};
					DE1C6E5A21959F8100BAA03C = {
						CreatedOnToolsVersion = 10.1;
						LastSwiftMigration = 1030;
						TestTargetID = DE1C6E3B21959F7900BAA03C;
					};
				};
			};
			buildConfigurationList = DE1C6E3721959F7900BAA03C /* Build configuration list for PBXProject "ScrollAnimationShowcase" */;
			compatibilityVersion = "Xcode 9.3";
			developmentRegion = en;
			hasScannedForEncodings = 0;
			knownRegions = (
				en,
				Base,
			);
			mainGroup = DE1C6E3321959F7900BAA03C;
			productRefGroup = DE1C6E3D21959F7900BAA03C /* Products */;
			projectDirPath = "";
			projectRoot = "";
			targets = (
				DE1C6E3B21959F7900BAA03C /* ScrollAnimationShowcase */,
				DE1C6E4F21959F8100BAA03C /* ScrollAnimationShowcaseTests */,
				DE1C6E5A21959F8100BAA03C /* ScrollAnimationShowcaseUITests */,
			);
		};
/* End PBXProject section */

/* Begin PBXResourcesBuildPhase section */
		DE1C6E3A21959F7900BAA03C /* Resources */ = {
			isa = PBXResourcesBuildPhase;
			buildActionMask = 2147483647;
			files = (
				DE1C6E9621967F9800BAA03C /* CategoryScrollTabViewCell.xib in Resources */,
				DE1C6E4A21959F8000BAA03C /* LaunchScreen.storyboard in Resources */,
				DE1C6E88219667FA00BAA03C /* Article.storyboard in Resources */,
				DE1C6E4721959F8000BAA03C /* Assets.xcassets in Resources */,
				DE1C6E4521959F7900BAA03C /* Contents.storyboard in Resources */,
				DE1C6EA7219EFE7D00BAA03C /* CategoryScrollContentsViewCell.xib in Resources */,
			);
			runOnlyForDeploymentPostprocessing = 0;
		};
		DE1C6E4E21959F8100BAA03C /* Resources */ = {
			isa = PBXResourcesBuildPhase;
			buildActionMask = 2147483647;
			files = (
			);
			runOnlyForDeploymentPostprocessing = 0;
		};
		DE1C6E5921959F8100BAA03C /* Resources */ = {
			isa = PBXResourcesBuildPhase;
			buildActionMask = 2147483647;
			files = (
			);
			runOnlyForDeploymentPostprocessing = 0;
		};
/* End PBXResourcesBuildPhase section */

/* Begin PBXSourcesBuildPhase section */
		DE1C6E3821959F7900BAA03C /* Sources */ = {
			isa = PBXSourcesBuildPhase;
			buildActionMask = 2147483647;
			files = (
				DE1C6E8221965FFA00BAA03C /* CustomViewBase.swift in Sources */,
				DE2553A821AA4A6200D9A3C7 /* ArticleEntity.swift in Sources */,
				DE1C6E9221967F3900BAA03C /* AppConstant.swift in Sources */,
				DE1C6E4221959F7900BAA03C /* ContentsViewController.swift in Sources */,
				DE1C6E4021959F7900BAA03C /* AppDelegate.swift in Sources */,
				DE1C6E782195AD4600BAA03C /* UIViewControllerExtension.swift in Sources */,
				DE1C6EA6219EFE7D00BAA03C /* CategoryScrollContentsViewCell.swift in Sources */,
				DE1C6EA22199DDE700BAA03C /* ArticleMock.swift in Sources */,
				DE1C6E8A2196681D00BAA03C /* ArticleViewController.swift in Sources */,
				DE1C6E7A2196571200BAA03C /* UIColorExtension.swift in Sources */,
				DE2553AA21AA66F300D9A3C7 /* IntExtension.swift in Sources */,
				DE1C6EA02199D4F800BAA03C /* CategoryScrollContentsViewController.swift in Sources */,
				DE1C6E8F2196721F00BAA03C /* CategoryScrollTabViewController.swift in Sources */,
				DE1C6E7E219657A300BAA03C /* UICollectionViewExtension.swift in Sources */,
				DE2553A621A9434400D9A3C7 /* ContentsDetailHeaderView.swift in Sources */,
				DE1C6E9521967F9800BAA03C /* CategoryScrollTabViewCell.swift in Sources */,
				DE1C6E992196C79300BAA03C /* CategoryScrollTabViewFlowLayout.swift in Sources */,
				DE1C6E7C2196573C00BAA03C /* NSObjectProtocolExtension.swift in Sources */,
			);
			runOnlyForDeploymentPostprocessing = 0;
		};
		DE1C6E4C21959F8100BAA03C /* Sources */ = {
			isa = PBXSourcesBuildPhase;
			buildActionMask = 2147483647;
			files = (
				DE1C6E5521959F8100BAA03C /* ScrollAnimationShowcaseTests.swift in Sources */,
			);
			runOnlyForDeploymentPostprocessing = 0;
		};
		DE1C6E5721959F8100BAA03C /* Sources */ = {
			isa = PBXSourcesBuildPhase;
			buildActionMask = 2147483647;
			files = (
				DE1C6E6021959F8100BAA03C /* ScrollAnimationShowcaseUITests.swift in Sources */,
			);
			runOnlyForDeploymentPostprocessing = 0;
		};
/* End PBXSourcesBuildPhase section */

/* Begin PBXTargetDependency section */
		DE1C6E5221959F8100BAA03C /* PBXTargetDependency */ = {
			isa = PBXTargetDependency;
			target = DE1C6E3B21959F7900BAA03C /* ScrollAnimationShowcase */;
			targetProxy = DE1C6E5121959F8100BAA03C /* PBXContainerItemProxy */;
		};
		DE1C6E5D21959F8100BAA03C /* PBXTargetDependency */ = {
			isa = PBXTargetDependency;
			target = DE1C6E3B21959F7900BAA03C /* ScrollAnimationShowcase */;
			targetProxy = DE1C6E5C21959F8100BAA03C /* PBXContainerItemProxy */;
		};
/* End PBXTargetDependency section */

/* Begin PBXVariantGroup section */
		DE1C6E4321959F7900BAA03C /* Contents.storyboard */ = {
			isa = PBXVariantGroup;
			children = (
				DE1C6E4421959F7900BAA03C /* Base */,
			);
			name = Contents.storyboard;
			sourceTree = "<group>";
		};
		DE1C6E4821959F8000BAA03C /* LaunchScreen.storyboard */ = {
			isa = PBXVariantGroup;
			children = (
				DE1C6E4921959F8000BAA03C /* Base */,
			);
			name = LaunchScreen.storyboard;
			sourceTree = "<group>";
		};
		DE1C6E86219667FA00BAA03C /* Article.storyboard */ = {
			isa = PBXVariantGroup;
			children = (
				DE1C6E87219667FA00BAA03C /* Base */,
			);
			name = Article.storyboard;
			sourceTree = "<group>";
		};
/* End PBXVariantGroup section */

/* Begin XCBuildConfiguration section */
		DE1C6E6221959F8100BAA03C /* Debug */ = {
			isa = XCBuildConfiguration;
			buildSettings = {
				ALWAYS_SEARCH_USER_PATHS = NO;
				CLANG_ANALYZER_NONNULL = YES;
				CLANG_ANALYZER_NUMBER_OBJECT_CONVERSION = YES_AGGRESSIVE;
				CLANG_CXX_LANGUAGE_STANDARD = "gnu++14";
				CLANG_CXX_LIBRARY = "libc++";
				CLANG_ENABLE_MODULES = YES;
				CLANG_ENABLE_OBJC_ARC = YES;
				CLANG_ENABLE_OBJC_WEAK = YES;
				CLANG_WARN_BLOCK_CAPTURE_AUTORELEASING = YES;
				CLANG_WARN_BOOL_CONVERSION = YES;
				CLANG_WARN_COMMA = YES;
				CLANG_WARN_CONSTANT_CONVERSION = YES;
				CLANG_WARN_DEPRECATED_OBJC_IMPLEMENTATIONS = YES;
				CLANG_WARN_DIRECT_OBJC_ISA_USAGE = YES_ERROR;
				CLANG_WARN_DOCUMENTATION_COMMENTS = YES;
				CLANG_WARN_EMPTY_BODY = YES;
				CLANG_WARN_ENUM_CONVERSION = YES;
				CLANG_WARN_INFINITE_RECURSION = YES;
				CLANG_WARN_INT_CONVERSION = YES;
				CLANG_WARN_NON_LITERAL_NULL_CONVERSION = YES;
				CLANG_WARN_OBJC_IMPLICIT_RETAIN_SELF = YES;
				CLANG_WARN_OBJC_LITERAL_CONVERSION = YES;
				CLANG_WARN_OBJC_ROOT_CLASS = YES_ERROR;
				CLANG_WARN_QUOTED_INCLUDE_IN_FRAMEWORK_HEADER = YES;
				CLANG_WARN_RANGE_LOOP_ANALYSIS = YES;
				CLANG_WARN_STRICT_PROTOTYPES = YES;
				CLANG_WARN_SUSPICIOUS_MOVE = YES;
				CLANG_WARN_UNGUARDED_AVAILABILITY = YES_AGGRESSIVE;
				CLANG_WARN_UNREACHABLE_CODE = YES;
				CLANG_WARN__DUPLICATE_METHOD_MATCH = YES;
				CODE_SIGN_IDENTITY = "iPhone Developer";
				COPY_PHASE_STRIP = NO;
				DEBUG_INFORMATION_FORMAT = dwarf;
				ENABLE_STRICT_OBJC_MSGSEND = YES;
				ENABLE_TESTABILITY = YES;
				GCC_C_LANGUAGE_STANDARD = gnu11;
				GCC_DYNAMIC_NO_PIC = NO;
				GCC_NO_COMMON_BLOCKS = YES;
				GCC_OPTIMIZATION_LEVEL = 0;
				GCC_PREPROCESSOR_DEFINITIONS = (
					"DEBUG=1",
					"$(inherited)",
				);
				GCC_WARN_64_TO_32_BIT_CONVERSION = YES;
				GCC_WARN_ABOUT_RETURN_TYPE = YES_ERROR;
				GCC_WARN_UNDECLARED_SELECTOR = YES;
				GCC_WARN_UNINITIALIZED_AUTOS = YES_AGGRESSIVE;
				GCC_WARN_UNUSED_FUNCTION = YES;
				GCC_WARN_UNUSED_VARIABLE = YES;
				IPHONEOS_DEPLOYMENT_TARGET = 12.1;
				MTL_ENABLE_DEBUG_INFO = INCLUDE_SOURCE;
				MTL_FAST_MATH = YES;
				ONLY_ACTIVE_ARCH = YES;
				SDKROOT = iphoneos;
				SWIFT_ACTIVE_COMPILATION_CONDITIONS = DEBUG;
				SWIFT_OPTIMIZATION_LEVEL = "-Onone";
			};
			name = Debug;
		};
		DE1C6E6321959F8100BAA03C /* Release */ = {
			isa = XCBuildConfiguration;
			buildSettings = {
				ALWAYS_SEARCH_USER_PATHS = NO;
				CLANG_ANALYZER_NONNULL = YES;
				CLANG_ANALYZER_NUMBER_OBJECT_CONVERSION = YES_AGGRESSIVE;
				CLANG_CXX_LANGUAGE_STANDARD = "gnu++14";
				CLANG_CXX_LIBRARY = "libc++";
				CLANG_ENABLE_MODULES = YES;
				CLANG_ENABLE_OBJC_ARC = YES;
				CLANG_ENABLE_OBJC_WEAK = YES;
				CLANG_WARN_BLOCK_CAPTURE_AUTORELEASING = YES;
				CLANG_WARN_BOOL_CONVERSION = YES;
				CLANG_WARN_COMMA = YES;
				CLANG_WARN_CONSTANT_CONVERSION = YES;
				CLANG_WARN_DEPRECATED_OBJC_IMPLEMENTATIONS = YES;
				CLANG_WARN_DIRECT_OBJC_ISA_USAGE = YES_ERROR;
				CLANG_WARN_DOCUMENTATION_COMMENTS = YES;
				CLANG_WARN_EMPTY_BODY = YES;
				CLANG_WARN_ENUM_CONVERSION = YES;
				CLANG_WARN_INFINITE_RECURSION = YES;
				CLANG_WARN_INT_CONVERSION = YES;
				CLANG_WARN_NON_LITERAL_NULL_CONVERSION = YES;
				CLANG_WARN_OBJC_IMPLICIT_RETAIN_SELF = YES;
				CLANG_WARN_OBJC_LITERAL_CONVERSION = YES;
				CLANG_WARN_OBJC_ROOT_CLASS = YES_ERROR;
				CLANG_WARN_QUOTED_INCLUDE_IN_FRAMEWORK_HEADER = YES;
				CLANG_WARN_RANGE_LOOP_ANALYSIS = YES;
				CLANG_WARN_STRICT_PROTOTYPES = YES;
				CLANG_WARN_SUSPICIOUS_MOVE = YES;
				CLANG_WARN_UNGUARDED_AVAILABILITY = YES_AGGRESSIVE;
				CLANG_WARN_UNREACHABLE_CODE = YES;
				CLANG_WARN__DUPLICATE_METHOD_MATCH = YES;
				CODE_SIGN_IDENTITY = "iPhone Developer";
				COPY_PHASE_STRIP = NO;
				DEBUG_INFORMATION_FORMAT = "dwarf-with-dsym";
				ENABLE_NS_ASSERTIONS = NO;
				ENABLE_STRICT_OBJC_MSGSEND = YES;
				GCC_C_LANGUAGE_STANDARD = gnu11;
				GCC_NO_COMMON_BLOCKS = YES;
				GCC_WARN_64_TO_32_BIT_CONVERSION = YES;
				GCC_WARN_ABOUT_RETURN_TYPE = YES_ERROR;
				GCC_WARN_UNDECLARED_SELECTOR = YES;
				GCC_WARN_UNINITIALIZED_AUTOS = YES_AGGRESSIVE;
				GCC_WARN_UNUSED_FUNCTION = YES;
				GCC_WARN_UNUSED_VARIABLE = YES;
				IPHONEOS_DEPLOYMENT_TARGET = 12.1;
				MTL_ENABLE_DEBUG_INFO = NO;
				MTL_FAST_MATH = YES;
				SDKROOT = iphoneos;
				SWIFT_COMPILATION_MODE = wholemodule;
				SWIFT_OPTIMIZATION_LEVEL = "-O";
				VALIDATE_PRODUCT = YES;
			};
			name = Release;
		};
		DE1C6E6521959F8100BAA03C /* Debug */ = {
			isa = XCBuildConfiguration;
			buildSettings = {
				ASSETCATALOG_COMPILER_APPICON_NAME = AppIcon;
				CODE_SIGN_STYLE = Automatic;
				DEVELOPMENT_TEAM = S5BF5553KY;
				INFOPLIST_FILE = ScrollAnimationShowcase/Info.plist;
				LD_RUNPATH_SEARCH_PATHS = (
					"$(inherited)",
					"@executable_path/Frameworks",
				);
				PRODUCT_BUNDLE_IDENTIFIER = com.just1factory.ScrollAnimationShowcase;
				PRODUCT_NAME = "$(TARGET_NAME)";
				SWIFT_VERSION = 5.0;
				TARGETED_DEVICE_FAMILY = "1,2";
			};
			name = Debug;
		};
		DE1C6E6621959F8100BAA03C /* Release */ = {
			isa = XCBuildConfiguration;
			buildSettings = {
				ASSETCATALOG_COMPILER_APPICON_NAME = AppIcon;
				CODE_SIGN_STYLE = Automatic;
				DEVELOPMENT_TEAM = S5BF5553KY;
				INFOPLIST_FILE = ScrollAnimationShowcase/Info.plist;
				LD_RUNPATH_SEARCH_PATHS = (
					"$(inherited)",
					"@executable_path/Frameworks",
				);
				PRODUCT_BUNDLE_IDENTIFIER = com.just1factory.ScrollAnimationShowcase;
				PRODUCT_NAME = "$(TARGET_NAME)";
				SWIFT_VERSION = 5.0;
				TARGETED_DEVICE_FAMILY = "1,2";
			};
			name = Release;
		};
		DE1C6E6821959F8100BAA03C /* Debug */ = {
			isa = XCBuildConfiguration;
			buildSettings = {
				ALWAYS_EMBED_SWIFT_STANDARD_LIBRARIES = YES;
				BUNDLE_LOADER = "$(TEST_HOST)";
				CODE_SIGN_STYLE = Automatic;
				DEVELOPMENT_TEAM = S5BF5553KY;
				INFOPLIST_FILE = ScrollAnimationShowcaseTests/Info.plist;
				LD_RUNPATH_SEARCH_PATHS = (
					"$(inherited)",
					"@executable_path/Frameworks",
					"@loader_path/Frameworks",
				);
				PRODUCT_BUNDLE_IDENTIFIER = com.just1factory.ScrollAnimationShowcaseTests;
				PRODUCT_NAME = "$(TARGET_NAME)";
				SWIFT_VERSION = 5.0;
				TARGETED_DEVICE_FAMILY = "1,2";
				TEST_HOST = "$(BUILT_PRODUCTS_DIR)/ScrollAnimationShowcase.app/ScrollAnimationShowcase";
			};
			name = Debug;
		};
		DE1C6E6921959F8100BAA03C /* Release */ = {
			isa = XCBuildConfiguration;
			buildSettings = {
				ALWAYS_EMBED_SWIFT_STANDARD_LIBRARIES = YES;
				BUNDLE_LOADER = "$(TEST_HOST)";
				CODE_SIGN_STYLE = Automatic;
				DEVELOPMENT_TEAM = S5BF5553KY;
				INFOPLIST_FILE = ScrollAnimationShowcaseTests/Info.plist;
				LD_RUNPATH_SEARCH_PATHS = (
					"$(inherited)",
					"@executable_path/Frameworks",
					"@loader_path/Frameworks",
				);
				PRODUCT_BUNDLE_IDENTIFIER = com.just1factory.ScrollAnimationShowcaseTests;
				PRODUCT_NAME = "$(TARGET_NAME)";
				SWIFT_VERSION = 5.0;
				TARGETED_DEVICE_FAMILY = "1,2";
				TEST_HOST = "$(BUILT_PRODUCTS_DIR)/ScrollAnimationShowcase.app/ScrollAnimationShowcase";
			};
			name = Release;
		};
		DE1C6E6B21959F8100BAA03C /* Debug */ = {
			isa = XCBuildConfiguration;
			buildSettings = {
				ALWAYS_EMBED_SWIFT_STANDARD_LIBRARIES = YES;
				CODE_SIGN_STYLE = Automatic;
				DEVELOPMENT_TEAM = S5BF5553KY;
				INFOPLIST_FILE = ScrollAnimationShowcaseUITests/Info.plist;
				LD_RUNPATH_SEARCH_PATHS = (
					"$(inherited)",
					"@executable_path/Frameworks",
					"@loader_path/Frameworks",
				);
				PRODUCT_BUNDLE_IDENTIFIER = com.just1factory.ScrollAnimationShowcaseUITests;
				PRODUCT_NAME = "$(TARGET_NAME)";
				SWIFT_VERSION = 5.0;
				TARGETED_DEVICE_FAMILY = "1,2";
				TEST_TARGET_NAME = ScrollAnimationShowcase;
			};
			name = Debug;
		};
		DE1C6E6C21959F8100BAA03C /* Release */ = {
			isa = XCBuildConfiguration;
			buildSettings = {
				ALWAYS_EMBED_SWIFT_STANDARD_LIBRARIES = YES;
				CODE_SIGN_STYLE = Automatic;
				DEVELOPMENT_TEAM = S5BF5553KY;
				INFOPLIST_FILE = ScrollAnimationShowcaseUITests/Info.plist;
				LD_RUNPATH_SEARCH_PATHS = (
					"$(inherited)",
					"@executable_path/Frameworks",
					"@loader_path/Frameworks",
				);
				PRODUCT_BUNDLE_IDENTIFIER = com.just1factory.ScrollAnimationShowcaseUITests;
				PRODUCT_NAME = "$(TARGET_NAME)";
				SWIFT_VERSION = 5.0;
				TARGETED_DEVICE_FAMILY = "1,2";
				TEST_TARGET_NAME = ScrollAnimationShowcase;
			};
			name = Release;
		};
/* End XCBuildConfiguration section */

/* Begin XCConfigurationList section */
		DE1C6E3721959F7900BAA03C /* Build configuration list for PBXProject "ScrollAnimationShowcase" */ = {
			isa = XCConfigurationList;
			buildConfigurations = (
				DE1C6E6221959F8100BAA03C /* Debug */,
				DE1C6E6321959F8100BAA03C /* Release */,
			);
			defaultConfigurationIsVisible = 0;
			defaultConfigurationName = Release;
		};
		DE1C6E6421959F8100BAA03C /* Build configuration list for PBXNativeTarget "ScrollAnimationShowcase" */ = {
			isa = XCConfigurationList;
			buildConfigurations = (
				DE1C6E6521959F8100BAA03C /* Debug */,
				DE1C6E6621959F8100BAA03C /* Release */,
			);
			defaultConfigurationIsVisible = 0;
			defaultConfigurationName = Release;
		};
		DE1C6E6721959F8100BAA03C /* Build configuration list for PBXNativeTarget "ScrollAnimationShowcaseTests" */ = {
			isa = XCConfigurationList;
			buildConfigurations = (
				DE1C6E6821959F8100BAA03C /* Debug */,
				DE1C6E6921959F8100BAA03C /* Release */,
			);
			defaultConfigurationIsVisible = 0;
			defaultConfigurationName = Release;
		};
		DE1C6E6A21959F8100BAA03C /* Build configuration list for PBXNativeTarget "ScrollAnimationShowcaseUITests" */ = {
			isa = XCConfigurationList;
			buildConfigurations = (
				DE1C6E6B21959F8100BAA03C /* Debug */,
				DE1C6E6C21959F8100BAA03C /* Release */,
			);
			defaultConfigurationIsVisible = 0;
			defaultConfigurationName = Release;
		};
/* End XCConfigurationList section */
	};
	rootObject = DE1C6E3421959F7900BAA03C /* Project object */;
}
